
Microsoft Visual Studio Solution File, Format Version 12.00
# Visual Studio Version 17
VisualStudioVersion = 17.1.32421.90
MinimumVisualStudioVersion = 10.0.40219.1
Project("{FAE04EC0-301F-11D3-BF4B-00C04F79EFBC}") = "BookRentageWeb", "BookRentageWeb\BookRentageWeb.csproj", "{D5858205-154B-4D1A-94B6-90C0834106F1}"
EndProject
Global
	GlobalSection(SolutionConfigurationPlatforms) = preSolution
		Debug|Any CPU = Debug|Any CPU
		Release|Any CPU = Release|Any CPU
	EndGlobalSection
	GlobalSection(ProjectConfigurationPlatforms) = postSolution
		{D5858205-154B-4D1A-94B6-90C0834106F1}.Debug|Any CPU.ActiveCfg = Debug|Any CPU
		{D5858205-154B-4D1A-94B6-90C0834106F1}.Debug|Any CPU.Build.0 = Debug|Any CPU
		{D5858205-154B-4D1A-94B6-90C0834106F1}.Release|Any CPU.ActiveCfg = Release|Any CPU
		{D5858205-154B-4D1A-94B6-90C0834106F1}.Release|Any CPU.Build.0 = Release|Any CPU
	EndGlobalSection
	GlobalSection(SolutionProperties) = preSolution
		HideSolutionNode = FALSE
	EndGlobalSection
	GlobalSection(ExtensibilityGlobals) = postSolution
		SolutionGuid = {3D095D3F-F2D0-4221-87DC-1FD8E685E63D}
	EndGlobalSection
EndGlobal
